
Microsoft Visual Studio Solution File, Format Version 12.00
# Visual Studio Version 17
VisualStudioVersion = 17.9.34622.214
MinimumVisualStudioVersion = 10.0.40219.1
Project("{FAE04EC0-301F-11D3-BF4B-00C04F79EFBC}") = "MSLearn.CSharpArraysOperations.Challenge2", "MSLearn.CSharpArraysOperations.Challenge2\MSLearn.CSharpArraysOperations.Challenge2.csproj", "{4DFE86EA-7991-4FF7-B839-EFA183700613}"
EndProject
Global
	GlobalSection(SolutionConfigurationPlatforms) = preSolution
		Debug|Any CPU = Debug|Any CPU
		Release|Any CPU = Release|Any CPU
	EndGlobalSection
	GlobalSection(ProjectConfigurationPlatforms) = postSolution
		{4DFE86EA-7991-4FF7-B839-EFA183700613}.Debug|Any CPU.ActiveCfg = Debug|Any CPU
		{4DFE86EA-7991-4FF7-B839-EFA183700613}.Debug|Any CPU.Build.0 = Debug|Any CPU
		{4DFE86EA-7991-4FF7-B839-EFA183700613}.Release|Any CPU.ActiveCfg = Release|Any CPU
		{4DFE86EA-7991-4FF7-B839-EFA183700613}.Release|Any CPU.Build.0 = Release|Any CPU
	EndGlobalSection
	GlobalSection(SolutionProperties) = preSolution
		HideSolutionNode = FALSE
	EndGlobalSection
	GlobalSection(ExtensibilityGlobals) = postSolution
		SolutionGuid = {4B7810B5-87F2-4B6A-84E2-58C1C9EEC51C}
	EndGlobalSection
EndGlobal
